// !$*UTF8*$!
{
	archiveVersion = 1;
	classes = {
	};
	objectVersion = 55;
	objects = {

/* Begin PBXBuildFile section */
		5A10057A284F2AF000C45C74 /* GoogleService-Info.plist in Resources */ = {isa = PBXBuildFile; fileRef = 5A100579284F2AF000C45C74 /* GoogleService-Info.plist */; };
		5A1F03BB28449AD9005622FF /* Temple.swift in Sources */ = {isa = PBXBuildFile; fileRef = 5A1F03BA28449AD9005622FF /* Temple.swift */; };
		5A204172285809E400CBBFED /* CustomLoading.swift in Sources */ = {isa = PBXBuildFile; fileRef = 5A204171285809E400CBBFED /* CustomLoading.swift */; };
		5A21CED928517C3A00A42973 /* ImageResponse.swift in Sources */ = {isa = PBXBuildFile; fileRef = 5A21CED828517C3A00A42973 /* ImageResponse.swift */; };
		5A2898EA2863037500C88FB1 /* ImageCacheManager.swift in Sources */ = {isa = PBXBuildFile; fileRef = 5A2898E92863037500C88FB1 /* ImageCacheManager.swift */; };
		5A29EDA82848A15300513D7A /* Location.swift in Sources */ = {isa = PBXBuildFile; fileRef = 5A29EDA72848A15300513D7A /* Location.swift */; };
		5A2C4E39285069F0001BDBA1 /* SearchResultViewController.swift in Sources */ = {isa = PBXBuildFile; fileRef = 5A2C4E38285069F0001BDBA1 /* SearchResultViewController.swift */; };
		5A3A34A12859675B00E4833A /* dualball.gif in Resources */ = {isa = PBXBuildFile; fileRef = 5A3A34A02859675B00E4833A /* dualball.gif */; };
		5A40BCE3283C671200DB7FC4 /* RectangleTableViewCell.swift in Sources */ = {isa = PBXBuildFile; fileRef = 5A40BCE1283C671200DB7FC4 /* RectangleTableViewCell.swift */; };
		5A40BCE4283C671200DB7FC4 /* RectangleTableViewCell.xib in Resources */ = {isa = PBXBuildFile; fileRef = 5A40BCE2283C671200DB7FC4 /* RectangleTableViewCell.xib */; };
		5A40BCE6283C7F1900DB7FC4 /* TempleViewController.swift in Sources */ = {isa = PBXBuildFile; fileRef = 5A40BCE5283C7F1900DB7FC4 /* TempleViewController.swift */; };
		5A40BCE8283C9BDD00DB7FC4 /* CommonNavi.swift in Sources */ = {isa = PBXBuildFile; fileRef = 5A40BCE7283C9BDD00DB7FC4 /* CommonNavi.swift */; };
		5A4C3B36283F38E50081B7C1 /* SquareCollectionViewCell.swift in Sources */ = {isa = PBXBuildFile; fileRef = 5A4C3B34283F38E50081B7C1 /* SquareCollectionViewCell.swift */; };
		5A4C3B37283F38E50081B7C1 /* SquareCollectionViewCell.xib in Resources */ = {isa = PBXBuildFile; fileRef = 5A4C3B35283F38E50081B7C1 /* SquareCollectionViewCell.xib */; };
		5A601974284C3E4F000617A4 /* NearSight.swift in Sources */ = {isa = PBXBuildFile; fileRef = 5A601973284C3E4F000617A4 /* NearSight.swift */; };
		5A601976284CF360000617A4 /* NearSightCollectionViewController.swift in Sources */ = {isa = PBXBuildFile; fileRef = 5A601975284CF360000617A4 /* NearSightCollectionViewController.swift */; };
		5AA5EA44285764DF00B20A4F /* SpoqaHanSansNeo-Bold.ttf in Resources */ = {isa = PBXBuildFile; fileRef = 5AA5EA3F285764DF00B20A4F /* SpoqaHanSansNeo-Bold.ttf */; };
		5AA5EA45285764DF00B20A4F /* SpoqaHanSansNeo-Medium.ttf in Resources */ = {isa = PBXBuildFile; fileRef = 5AA5EA40285764DF00B20A4F /* SpoqaHanSansNeo-Medium.ttf */; };
		5AA5EA46285764DF00B20A4F /* SpoqaHanSansNeo-Light.ttf in Resources */ = {isa = PBXBuildFile; fileRef = 5AA5EA41285764DF00B20A4F /* SpoqaHanSansNeo-Light.ttf */; };
		5AA5EA47285764DF00B20A4F /* SpoqaHanSansNeo-Regular.ttf in Resources */ = {isa = PBXBuildFile; fileRef = 5AA5EA42285764DF00B20A4F /* SpoqaHanSansNeo-Regular.ttf */; };
		5AA5EA48285764DF00B20A4F /* SpoqaHanSansNeo-Thin.ttf in Resources */ = {isa = PBXBuildFile; fileRef = 5AA5EA43285764DF00B20A4F /* SpoqaHanSansNeo-Thin.ttf */; };
		5AE55B0F283B116E00D19FFF /* AppDelegate.swift in Sources */ = {isa = PBXBuildFile; fileRef = 5AE55B0E283B116E00D19FFF /* AppDelegate.swift */; };
		5AE55B11283B116E00D19FFF /* SceneDelegate.swift in Sources */ = {isa = PBXBuildFile; fileRef = 5AE55B10283B116E00D19FFF /* SceneDelegate.swift */; };
		5AE55B13283B116E00D19FFF /* LocationViewController.swift in Sources */ = {isa = PBXBuildFile; fileRef = 5AE55B12283B116E00D19FFF /* LocationViewController.swift */; };
		5AE55B16283B116E00D19FFF /* Main.storyboard in Resources */ = {isa = PBXBuildFile; fileRef = 5AE55B14283B116E00D19FFF /* Main.storyboard */; };
		5AE55B18283B116F00D19FFF /* Assets.xcassets in Resources */ = {isa = PBXBuildFile; fileRef = 5AE55B17283B116F00D19FFF /* Assets.xcassets */; };
		5AE55B1B283B116F00D19FFF /* LaunchScreen.storyboard in Resources */ = {isa = PBXBuildFile; fileRef = 5AE55B19283B116F00D19FFF /* LaunchScreen.storyboard */; };
		5AE55B23283B5F6900D19FFF /* UserViewController.swift in Sources */ = {isa = PBXBuildFile; fileRef = 5AE55B22283B5F6900D19FFF /* UserViewController.swift */; };
		5AE55B25283B5F7000D19FFF /* SearchViewController.swift in Sources */ = {isa = PBXBuildFile; fileRef = 5AE55B24283B5F7000D19FFF /* SearchViewController.swift */; };
		5AEDE81428584B500088E786 /* UILabel + Extension.swift in Sources */ = {isa = PBXBuildFile; fileRef = 5AEDE81328584B500088E786 /* UILabel + Extension.swift */; };
		5AEDE816285865A80088E786 /* UITextView + Extension.swift in Sources */ = {isa = PBXBuildFile; fileRef = 5AEDE815285865A80088E786 /* UITextView + Extension.swift */; };
		6B163D330AD4A287616D8E91 /* Pods_Gugujj.framework in Frameworks */ = {isa = PBXBuildFile; fileRef = 8C8DCBFBCD217FCCB74CF466 /* Pods_Gugujj.framework */; };
		94396C9028448EC50088F303 /* BaseViewController.swift in Sources */ = {isa = PBXBuildFile; fileRef = 94396C8F28448EC50088F303 /* BaseViewController.swift */; };
		94B16BDA2840BE9300D57CDE /* CommonHttp.swift in Sources */ = {isa = PBXBuildFile; fileRef = 94B16BD92840BE9300D57CDE /* CommonHttp.swift */; };
		94B16BDC2840BEA400D57CDE /* CommonURL.swift in Sources */ = {isa = PBXBuildFile; fileRef = 94B16BDB2840BEA400D57CDE /* CommonURL.swift */; };
		94B16BDE2840BEB900D57CDE /* UIView + Extension.swift in Sources */ = {isa = PBXBuildFile; fileRef = 94B16BDD2840BEB900D57CDE /* UIView + Extension.swift */; };
/* End PBXBuildFile section */

/* Begin PBXFileReference section */
		3B897FD15562A4F511443933 /* Pods-Gugujj.release.xcconfig */ = {isa = PBXFileReference; includeInIndex = 1; lastKnownFileType = text.xcconfig; name = "Pods-Gugujj.release.xcconfig"; path = "Target Support Files/Pods-Gugujj/Pods-Gugujj.release.xcconfig"; sourceTree = "<group>"; };
		5A100579284F2AF000C45C74 /* GoogleService-Info.plist */ = {isa = PBXFileReference; fileEncoding = 4; lastKnownFileType = text.plist.xml; path = "GoogleService-Info.plist"; sourceTree = "<group>"; };
		5A1F03BA28449AD9005622FF /* Temple.swift */ = {isa = PBXFileReference; lastKnownFileType = sourcecode.swift; path = Temple.swift; sourceTree = "<group>"; };
		5A204171285809E400CBBFED /* CustomLoading.swift */ = {isa = PBXFileReference; lastKnownFileType = sourcecode.swift; path = CustomLoading.swift; sourceTree = "<group>"; };
		5A21CED828517C3A00A42973 /* ImageResponse.swift */ = {isa = PBXFileReference; lastKnownFileType = sourcecode.swift; path = ImageResponse.swift; sourceTree = "<group>"; };
		5A2898E92863037500C88FB1 /* ImageCacheManager.swift */ = {isa = PBXFileReference; lastKnownFileType = sourcecode.swift; path = ImageCacheManager.swift; sourceTree = "<group>"; };
		5A29EDA72848A15300513D7A /* Location.swift */ = {isa = PBXFileReference; lastKnownFileType = sourcecode.swift; path = Location.swift; sourceTree = "<group>"; };
		5A2C4E38285069F0001BDBA1 /* SearchResultViewController.swift */ = {isa = PBXFileReference; lastKnownFileType = sourcecode.swift; path = SearchResultViewController.swift; sourceTree = "<group>"; };
		5A3A34A02859675B00E4833A /* dualball.gif */ = {isa = PBXFileReference; lastKnownFileType = image.gif; path = dualball.gif; sourceTree = "<group>"; };
		5A40BCE1283C671200DB7FC4 /* RectangleTableViewCell.swift */ = {isa = PBXFileReference; lastKnownFileType = sourcecode.swift; path = RectangleTableViewCell.swift; sourceTree = "<group>"; };
		5A40BCE2283C671200DB7FC4 /* RectangleTableViewCell.xib */ = {isa = PBXFileReference; lastKnownFileType = file.xib; path = RectangleTableViewCell.xib; sourceTree = "<group>"; };
		5A40BCE5283C7F1900DB7FC4 /* TempleViewController.swift */ = {isa = PBXFileReference; lastKnownFileType = sourcecode.swift; path = TempleViewController.swift; sourceTree = "<group>"; };
		5A40BCE7283C9BDD00DB7FC4 /* CommonNavi.swift */ = {isa = PBXFileReference; lastKnownFileType = sourcecode.swift; path = CommonNavi.swift; sourceTree = "<group>"; };
		5A4C3B34283F38E50081B7C1 /* SquareCollectionViewCell.swift */ = {isa = PBXFileReference; lastKnownFileType = sourcecode.swift; path = SquareCollectionViewCell.swift; sourceTree = "<group>"; };
		5A4C3B35283F38E50081B7C1 /* SquareCollectionViewCell.xib */ = {isa = PBXFileReference; lastKnownFileType = file.xib; path = SquareCollectionViewCell.xib; sourceTree = "<group>"; };
		5A601973284C3E4F000617A4 /* NearSight.swift */ = {isa = PBXFileReference; lastKnownFileType = sourcecode.swift; path = NearSight.swift; sourceTree = "<group>"; };
		5A601975284CF360000617A4 /* NearSightCollectionViewController.swift */ = {isa = PBXFileReference; lastKnownFileType = sourcecode.swift; path = NearSightCollectionViewController.swift; sourceTree = "<group>"; };
		5AA5EA3F285764DF00B20A4F /* SpoqaHanSansNeo-Bold.ttf */ = {isa = PBXFileReference; lastKnownFileType = file; path = "SpoqaHanSansNeo-Bold.ttf"; sourceTree = "<group>"; };
		5AA5EA40285764DF00B20A4F /* SpoqaHanSansNeo-Medium.ttf */ = {isa = PBXFileReference; lastKnownFileType = file; path = "SpoqaHanSansNeo-Medium.ttf"; sourceTree = "<group>"; };
		5AA5EA41285764DF00B20A4F /* SpoqaHanSansNeo-Light.ttf */ = {isa = PBXFileReference; lastKnownFileType = file; path = "SpoqaHanSansNeo-Light.ttf"; sourceTree = "<group>"; };
		5AA5EA42285764DF00B20A4F /* SpoqaHanSansNeo-Regular.ttf */ = {isa = PBXFileReference; lastKnownFileType = file; path = "SpoqaHanSansNeo-Regular.ttf"; sourceTree = "<group>"; };
		5AA5EA43285764DF00B20A4F /* SpoqaHanSansNeo-Thin.ttf */ = {isa = PBXFileReference; lastKnownFileType = file; path = "SpoqaHanSansNeo-Thin.ttf"; sourceTree = "<group>"; };
		5AE55B0B283B116E00D19FFF /* Gugujj.app */ = {isa = PBXFileReference; explicitFileType = wrapper.application; includeInIndex = 0; path = Gugujj.app; sourceTree = BUILT_PRODUCTS_DIR; };
		5AE55B0E283B116E00D19FFF /* AppDelegate.swift */ = {isa = PBXFileReference; lastKnownFileType = sourcecode.swift; path = AppDelegate.swift; sourceTree = "<group>"; };
		5AE55B10283B116E00D19FFF /* SceneDelegate.swift */ = {isa = PBXFileReference; lastKnownFileType = sourcecode.swift; path = SceneDelegate.swift; sourceTree = "<group>"; };
		5AE55B12283B116E00D19FFF /* LocationViewController.swift */ = {isa = PBXFileReference; lastKnownFileType = sourcecode.swift; path = LocationViewController.swift; sourceTree = "<group>"; };
		5AE55B15283B116E00D19FFF /* Base */ = {isa = PBXFileReference; lastKnownFileType = file.storyboard; name = Base; path = Base.lproj/Main.storyboard; sourceTree = "<group>"; };
		5AE55B17283B116F00D19FFF /* Assets.xcassets */ = {isa = PBXFileReference; lastKnownFileType = folder.assetcatalog; path = Assets.xcassets; sourceTree = "<group>"; };
		5AE55B1A283B116F00D19FFF /* Base */ = {isa = PBXFileReference; lastKnownFileType = file.storyboard; name = Base; path = Base.lproj/LaunchScreen.storyboard; sourceTree = "<group>"; };
		5AE55B1C283B116F00D19FFF /* Info.plist */ = {isa = PBXFileReference; lastKnownFileType = text.plist.xml; path = Info.plist; sourceTree = "<group>"; };
		5AE55B22283B5F6900D19FFF /* UserViewController.swift */ = {isa = PBXFileReference; lastKnownFileType = sourcecode.swift; path = UserViewController.swift; sourceTree = "<group>"; };
		5AE55B24283B5F7000D19FFF /* SearchViewController.swift */ = {isa = PBXFileReference; lastKnownFileType = sourcecode.swift; path = SearchViewController.swift; sourceTree = "<group>"; };
		5AEDE81328584B500088E786 /* UILabel + Extension.swift */ = {isa = PBXFileReference; lastKnownFileType = sourcecode.swift; path = "UILabel + Extension.swift"; sourceTree = "<group>"; };
		5AEDE815285865A80088E786 /* UITextView + Extension.swift */ = {isa = PBXFileReference; lastKnownFileType = sourcecode.swift; path = "UITextView + Extension.swift"; sourceTree = "<group>"; };
		8C8DCBFBCD217FCCB74CF466 /* Pods_Gugujj.framework */ = {isa = PBXFileReference; explicitFileType = wrapper.framework; includeInIndex = 0; path = Pods_Gugujj.framework; sourceTree = BUILT_PRODUCTS_DIR; };
		8F51592B675C1E87F79774C5 /* Pods-Gugujj.debug.xcconfig */ = {isa = PBXFileReference; includeInIndex = 1; lastKnownFileType = text.xcconfig; name = "Pods-Gugujj.debug.xcconfig"; path = "Target Support Files/Pods-Gugujj/Pods-Gugujj.debug.xcconfig"; sourceTree = "<group>"; };
		94396C8F28448EC50088F303 /* BaseViewController.swift */ = {isa = PBXFileReference; lastKnownFileType = sourcecode.swift; path = BaseViewController.swift; sourceTree = "<group>"; };
		94B16BD92840BE9300D57CDE /* CommonHttp.swift */ = {isa = PBXFileReference; lastKnownFileType = sourcecode.swift; path = CommonHttp.swift; sourceTree = "<group>"; };
		94B16BDB2840BEA400D57CDE /* CommonURL.swift */ = {isa = PBXFileReference; lastKnownFileType = sourcecode.swift; path = CommonURL.swift; sourceTree = "<group>"; };
		94B16BDD2840BEB900D57CDE /* UIView + Extension.swift */ = {isa = PBXFileReference; lastKnownFileType = sourcecode.swift; path = "UIView + Extension.swift"; sourceTree = "<group>"; };
/* End PBXFileReference section */

/* Begin PBXFrameworksBuildPhase section */
		5AE55B08283B116E00D19FFF /* Frameworks */ = {
			isa = PBXFrameworksBuildPhase;
			buildActionMask = 2147483647;
			files = (
				6B163D330AD4A287616D8E91 /* Pods_Gugujj.framework in Frameworks */,
			);
			runOnlyForDeploymentPostprocessing = 0;
		};
/* End PBXFrameworksBuildPhase section */

/* Begin PBXGroup section */
		5A1F03B7284488A3005622FF /* Model */ = {
			isa = PBXGroup;
			children = (
				5A1F03BA28449AD9005622FF /* Temple.swift */,
				5A601973284C3E4F000617A4 /* NearSight.swift */,
				5A29EDA72848A15300513D7A /* Location.swift */,
				5A21CED828517C3A00A42973 /* ImageResponse.swift */,
				5A2898E92863037500C88FB1 /* ImageCacheManager.swift */,
			);
			path = Model;
			sourceTree = "<group>";
		};
		5A40BCE9283CA1F500DB7FC4 /* Common */ = {
			isa = PBXGroup;
			children = (
				5A40BCE7283C9BDD00DB7FC4 /* CommonNavi.swift */,
				94B16BD92840BE9300D57CDE /* CommonHttp.swift */,
				94B16BDB2840BEA400D57CDE /* CommonURL.swift */,
				94B16BDD2840BEB900D57CDE /* UIView + Extension.swift */,
				5AEDE81328584B500088E786 /* UILabel + Extension.swift */,
				5AEDE815285865A80088E786 /* UITextView + Extension.swift */,
			);
			path = Common;
			sourceTree = "<group>";
		};
		5A4C3B3A283F48110081B7C1 /* VC */ = {
			isa = PBXGroup;
			children = (
				94396C8F28448EC50088F303 /* BaseViewController.swift */,
				5AE55B12283B116E00D19FFF /* LocationViewController.swift */,
				5AE55B24283B5F7000D19FFF /* SearchViewController.swift */,
				5A2C4E38285069F0001BDBA1 /* SearchResultViewController.swift */,
				5A40BCE5283C7F1900DB7FC4 /* TempleViewController.swift */,
				5A601975284CF360000617A4 /* NearSightCollectionViewController.swift */,
				5AE55B22283B5F6900D19FFF /* UserViewController.swift */,
			);
			path = VC;
			sourceTree = "<group>";
		};
		5A4C3B3B283F48240081B7C1 /* Cell */ = {
			isa = PBXGroup;
			children = (
				5A4C3B34283F38E50081B7C1 /* SquareCollectionViewCell.swift */,
				5A4C3B35283F38E50081B7C1 /* SquareCollectionViewCell.xib */,
				5A40BCE1283C671200DB7FC4 /* RectangleTableViewCell.swift */,
				5A40BCE2283C671200DB7FC4 /* RectangleTableViewCell.xib */,
			);
			path = Cell;
			sourceTree = "<group>";
		};
		5AA5EA3E2857647100B20A4F /* Fonts */ = {
			isa = PBXGroup;
			children = (
				5AA5EA43285764DF00B20A4F /* SpoqaHanSansNeo-Thin.ttf */,
				5AA5EA41285764DF00B20A4F /* SpoqaHanSansNeo-Light.ttf */,
				5AA5EA42285764DF00B20A4F /* SpoqaHanSansNeo-Regular.ttf */,
				5AA5EA40285764DF00B20A4F /* SpoqaHanSansNeo-Medium.ttf */,
				5AA5EA3F285764DF00B20A4F /* SpoqaHanSansNeo-Bold.ttf */,
			);
			path = Fonts;
			sourceTree = "<group>";
		};
		5AE55B02283B116E00D19FFF = {
			isa = PBXGroup;
			children = (
				5AE55B0D283B116E00D19FFF /* Gugujj */,
				5AE55B0C283B116E00D19FFF /* Products */,
				98C7938FA52C315B86E487F7 /* Pods */,
				8D9B903FAB6C79FC22BFA890 /* Frameworks */,
			);
			sourceTree = "<group>";
		};
		5AE55B0C283B116E00D19FFF /* Products */ = {
			isa = PBXGroup;
			children = (
				5AE55B0B283B116E00D19FFF /* Gugujj.app */,
			);
			name = Products;
			sourceTree = "<group>";
		};
		5AE55B0D283B116E00D19FFF /* Gugujj */ = {
			isa = PBXGroup;
			children = (
				5A3A34A02859675B00E4833A /* dualball.gif */,
				5AE55B0E283B116E00D19FFF /* AppDelegate.swift */,
				5AE55B10283B116E00D19FFF /* SceneDelegate.swift */,
				5AE55B14283B116E00D19FFF /* Main.storyboard */,
				5A204171285809E400CBBFED /* CustomLoading.swift */,
				5A40BCE9283CA1F500DB7FC4 /* Common */,
				5A1F03B7284488A3005622FF /* Model */,
				5A4C3B3A283F48110081B7C1 /* VC */,
				5A4C3B3B283F48240081B7C1 /* Cell */,
				5AE55B17283B116F00D19FFF /* Assets.xcassets */,
				5AE55B19283B116F00D19FFF /* LaunchScreen.storyboard */,
				5AE55B1C283B116F00D19FFF /* Info.plist */,
				5A100579284F2AF000C45C74 /* GoogleService-Info.plist */,
				5AA5EA3E2857647100B20A4F /* Fonts */,
			);
			path = Gugujj;
			sourceTree = "<group>";
		};
		8D9B903FAB6C79FC22BFA890 /* Frameworks */ = {
			isa = PBXGroup;
			children = (
				8C8DCBFBCD217FCCB74CF466 /* Pods_Gugujj.framework */,
			);
			name = Frameworks;
			sourceTree = "<group>";
		};
		98C7938FA52C315B86E487F7 /* Pods */ = {
			isa = PBXGroup;
			children = (
				8F51592B675C1E87F79774C5 /* Pods-Gugujj.debug.xcconfig */,
				3B897FD15562A4F511443933 /* Pods-Gugujj.release.xcconfig */,
			);
			path = Pods;
			sourceTree = "<group>";
		};
/* End PBXGroup section */

/* Begin PBXNativeTarget section */
		5AE55B0A283B116E00D19FFF /* Gugujj */ = {
			isa = PBXNativeTarget;
			buildConfigurationList = 5AE55B1F283B116F00D19FFF /* Build configuration list for PBXNativeTarget "Gugujj" */;
			buildPhases = (
				E8B1B32B395328337C483AC9 /* [CP] Check Pods Manifest.lock */,
				5AE55B07283B116E00D19FFF /* Sources */,
				5AE55B08283B116E00D19FFF /* Frameworks */,
				5AE55B09283B116E00D19FFF /* Resources */,
				1D7D47E498ABF8FBC13B49A5 /* [CP] Embed Pods Frameworks */,
				E51BBB806D5B1DBC388C8109 /* [CP] Copy Pods Resources */,
			);
			buildRules = (
			);
			dependencies = (
			);
			name = Gugujj;
			productName = Gugujj;
			productReference = 5AE55B0B283B116E00D19FFF /* Gugujj.app */;
			productType = "com.apple.product-type.application";
		};
/* End PBXNativeTarget section */

/* Begin PBXProject section */
		5AE55B03283B116E00D19FFF /* Project object */ = {
			isa = PBXProject;
			attributes = {
				BuildIndependentTargetsInParallel = 1;
				LastSwiftUpdateCheck = 1320;
				LastUpgradeCheck = 1320;
				TargetAttributes = {
					5AE55B0A283B116E00D19FFF = {
						CreatedOnToolsVersion = 13.2.1;
					};
				};
			};
			buildConfigurationList = 5AE55B06283B116E00D19FFF /* Build configuration list for PBXProject "Gugujj" */;
			compatibilityVersion = "Xcode 13.0";
			developmentRegion = en;
			hasScannedForEncodings = 0;
			knownRegions = (
				en,
				Base,
			);
			mainGroup = 5AE55B02283B116E00D19FFF;
			productRefGroup = 5AE55B0C283B116E00D19FFF /* Products */;
			projectDirPath = "";
			projectRoot = "";
			targets = (
				5AE55B0A283B116E00D19FFF /* Gugujj */,
			);
		};
/* End PBXProject section */

/* Begin PBXResourcesBuildPhase section */
		5AE55B09283B116E00D19FFF /* Resources */ = {
			isa = PBXResourcesBuildPhase;
			buildActionMask = 2147483647;
			files = (
				5AE55B1B283B116F00D19FFF /* LaunchScreen.storyboard in Resources */,
				5AE55B18283B116F00D19FFF /* Assets.xcassets in Resources */,
				5AE55B16283B116E00D19FFF /* Main.storyboard in Resources */,
				5A4C3B37283F38E50081B7C1 /* SquareCollectionViewCell.xib in Resources */,
				5AA5EA47285764DF00B20A4F /* SpoqaHanSansNeo-Regular.ttf in Resources */,
				5A3A34A12859675B00E4833A /* dualball.gif in Resources */,
				5A40BCE4283C671200DB7FC4 /* RectangleTableViewCell.xib in Resources */,
				5A10057A284F2AF000C45C74 /* GoogleService-Info.plist in Resources */,
				5AA5EA45285764DF00B20A4F /* SpoqaHanSansNeo-Medium.ttf in Resources */,
				5AA5EA48285764DF00B20A4F /* SpoqaHanSansNeo-Thin.ttf in Resources */,
				5AA5EA46285764DF00B20A4F /* SpoqaHanSansNeo-Light.ttf in Resources */,
				5AA5EA44285764DF00B20A4F /* SpoqaHanSansNeo-Bold.ttf in Resources */,
			);
			runOnlyForDeploymentPostprocessing = 0;
		};
/* End PBXResourcesBuildPhase section */

/* Begin PBXShellScriptBuildPhase section */
		1D7D47E498ABF8FBC13B49A5 /* [CP] Embed Pods Frameworks */ = {
			isa = PBXShellScriptBuildPhase;
			buildActionMask = 2147483647;
			files = (
			);
			inputFileListPaths = (
				"${PODS_ROOT}/Target Support Files/Pods-Gugujj/Pods-Gugujj-frameworks-${CONFIGURATION}-input-files.xcfilelist",
			);
			name = "[CP] Embed Pods Frameworks";
			outputFileListPaths = (
				"${PODS_ROOT}/Target Support Files/Pods-Gugujj/Pods-Gugujj-frameworks-${CONFIGURATION}-output-files.xcfilelist",
			);
			runOnlyForDeploymentPostprocessing = 0;
			shellPath = /bin/sh;
			shellScript = "\"${PODS_ROOT}/Target Support Files/Pods-Gugujj/Pods-Gugujj-frameworks.sh\"\n";
			showEnvVarsInLog = 0;
		};
		E51BBB806D5B1DBC388C8109 /* [CP] Copy Pods Resources */ = {
			isa = PBXShellScriptBuildPhase;
			buildActionMask = 2147483647;
			files = (
			);
			inputFileListPaths = (
				"${PODS_ROOT}/Target Support Files/Pods-Gugujj/Pods-Gugujj-resources-${CONFIGURATION}-input-files.xcfilelist",
			);
			name = "[CP] Copy Pods Resources";
			outputFileListPaths = (
				"${PODS_ROOT}/Target Support Files/Pods-Gugujj/Pods-Gugujj-resources-${CONFIGURATION}-output-files.xcfilelist",
			);
			runOnlyForDeploymentPostprocessing = 0;
			shellPath = /bin/sh;
			shellScript = "\"${PODS_ROOT}/Target Support Files/Pods-Gugujj/Pods-Gugujj-resources.sh\"\n";
			showEnvVarsInLog = 0;
		};
		E8B1B32B395328337C483AC9 /* [CP] Check Pods Manifest.lock */ = {
			isa = PBXShellScriptBuildPhase;
			buildActionMask = 2147483647;
			files = (
			);
			inputFileListPaths = (
			);
			inputPaths = (
				"${PODS_PODFILE_DIR_PATH}/Podfile.lock",
				"${PODS_ROOT}/Manifest.lock",
			);
			name = "[CP] Check Pods Manifest.lock";
			outputFileListPaths = (
			);
			outputPaths = (
				"$(DERIVED_FILE_DIR)/Pods-Gugujj-checkManifestLockResult.txt",
			);
			runOnlyForDeploymentPostprocessing = 0;
			shellPath = /bin/sh;
			shellScript = "diff \"${PODS_PODFILE_DIR_PATH}/Podfile.lock\" \"${PODS_ROOT}/Manifest.lock\" > /dev/null\nif [ $? != 0 ] ; then\n    # print error to STDERR\n    echo \"error: The sandbox is not in sync with the Podfile.lock. Run 'pod install' or update your CocoaPods installation.\" >&2\n    exit 1\nfi\n# This output is used by Xcode 'outputs' to avoid re-running this script phase.\necho \"SUCCESS\" > \"${SCRIPT_OUTPUT_FILE_0}\"\n";
			showEnvVarsInLog = 0;
		};
/* End PBXShellScriptBuildPhase section */

/* Begin PBXSourcesBuildPhase section */
		5AE55B07283B116E00D19FFF /* Sources */ = {
			isa = PBXSourcesBuildPhase;
			buildActionMask = 2147483647;
			files = (
				5AE55B25283B5F7000D19FFF /* SearchViewController.swift in Sources */,
				5A40BCE8283C9BDD00DB7FC4 /* CommonNavi.swift in Sources */,
				5AE55B13283B116E00D19FFF /* LocationViewController.swift in Sources */,
				5A204172285809E400CBBFED /* CustomLoading.swift in Sources */,
				5A40BCE3283C671200DB7FC4 /* RectangleTableViewCell.swift in Sources */,
				94396C9028448EC50088F303 /* BaseViewController.swift in Sources */,
				5A2898EA2863037500C88FB1 /* ImageCacheManager.swift in Sources */,
				5A40BCE6283C7F1900DB7FC4 /* TempleViewController.swift in Sources */,
				5A21CED928517C3A00A42973 /* ImageResponse.swift in Sources */,
				5AE55B23283B5F6900D19FFF /* UserViewController.swift in Sources */,
				5A601976284CF360000617A4 /* NearSightCollectionViewController.swift in Sources */,
				5A29EDA82848A15300513D7A /* Location.swift in Sources */,
				5AEDE816285865A80088E786 /* UITextView + Extension.swift in Sources */,
				94B16BDC2840BEA400D57CDE /* CommonURL.swift in Sources */,
				5A2C4E39285069F0001BDBA1 /* SearchResultViewController.swift in Sources */,
				94B16BDA2840BE9300D57CDE /* CommonHttp.swift in Sources */,
				5A1F03BB28449AD9005622FF /* Temple.swift in Sources */,
				94B16BDE2840BEB900D57CDE /* UIView + Extension.swift in Sources */,
				5AE55B0F283B116E00D19FFF /* AppDelegate.swift in Sources */,
				5A4C3B36283F38E50081B7C1 /* SquareCollectionViewCell.swift in Sources */,
				5AE55B11283B116E00D19FFF /* SceneDelegate.swift in Sources */,
				5AEDE81428584B500088E786 /* UILabel + Extension.swift in Sources */,
				5A601974284C3E4F000617A4 /* NearSight.swift in Sources */,
			);
			runOnlyForDeploymentPostprocessing = 0;
		};
/* End PBXSourcesBuildPhase section */

/* Begin PBXVariantGroup section */
		5AE55B14283B116E00D19FFF /* Main.storyboard */ = {
			isa = PBXVariantGroup;
			children = (
				5AE55B15283B116E00D19FFF /* Base */,
			);
			name = Main.storyboard;
			sourceTree = "<group>";
		};
		5AE55B19283B116F00D19FFF /* LaunchScreen.storyboard */ = {
			isa = PBXVariantGroup;
			children = (
				5AE55B1A283B116F00D19FFF /* Base */,
			);
			name = LaunchScreen.storyboard;
			sourceTree = "<group>";
		};
/* End PBXVariantGroup section */

/* Begin XCBuildConfiguration section */
		5AE55B1D283B116F00D19FFF /* Debug */ = {
			isa = XCBuildConfiguration;
			buildSettings = {
				ALWAYS_SEARCH_USER_PATHS = NO;
				CLANG_ANALYZER_NONNULL = YES;
				CLANG_ANALYZER_NUMBER_OBJECT_CONVERSION = YES_AGGRESSIVE;
				CLANG_CXX_LANGUAGE_STANDARD = "gnu++17";
				CLANG_CXX_LIBRARY = "libc++";
				CLANG_ENABLE_MODULES = YES;
				CLANG_ENABLE_OBJC_ARC = YES;
				CLANG_ENABLE_OBJC_WEAK = YES;
				CLANG_WARN_BLOCK_CAPTURE_AUTORELEASING = YES;
				CLANG_WARN_BOOL_CONVERSION = YES;
				CLANG_WARN_COMMA = YES;
				CLANG_WARN_CONSTANT_CONVERSION = YES;
				CLANG_WARN_DEPRECATED_OBJC_IMPLEMENTATIONS = YES;
				CLANG_WARN_DIRECT_OBJC_ISA_USAGE = YES_ERROR;
				CLANG_WARN_DOCUMENTATION_COMMENTS = YES;
				CLANG_WARN_EMPTY_BODY = YES;
				CLANG_WARN_ENUM_CONVERSION = YES;
				CLANG_WARN_INFINITE_RECURSION = YES;
				CLANG_WARN_INT_CONVERSION = YES;
				CLANG_WARN_NON_LITERAL_NULL_CONVERSION = YES;
				CLANG_WARN_OBJC_IMPLICIT_RETAIN_SELF = YES;
				CLANG_WARN_OBJC_LITERAL_CONVERSION = YES;
				CLANG_WARN_OBJC_ROOT_CLASS = YES_ERROR;
				CLANG_WARN_QUOTED_INCLUDE_IN_FRAMEWORK_HEADER = YES;
				CLANG_WARN_RANGE_LOOP_ANALYSIS = YES;
				CLANG_WARN_STRICT_PROTOTYPES = YES;
				CLANG_WARN_SUSPICIOUS_MOVE = YES;
				CLANG_WARN_UNGUARDED_AVAILABILITY = YES_AGGRESSIVE;
				CLANG_WARN_UNREACHABLE_CODE = YES;
				CLANG_WARN__DUPLICATE_METHOD_MATCH = YES;
				COPY_PHASE_STRIP = NO;
				DEBUG_INFORMATION_FORMAT = dwarf;
				ENABLE_STRICT_OBJC_MSGSEND = YES;
				ENABLE_TESTABILITY = YES;
				GCC_C_LANGUAGE_STANDARD = gnu11;
				GCC_DYNAMIC_NO_PIC = NO;
				GCC_NO_COMMON_BLOCKS = YES;
				GCC_OPTIMIZATION_LEVEL = 0;
				GCC_PREPROCESSOR_DEFINITIONS = (
					"DEBUG=1",
					"$(inherited)",
				);
				GCC_WARN_64_TO_32_BIT_CONVERSION = YES;
				GCC_WARN_ABOUT_RETURN_TYPE = YES_ERROR;
				GCC_WARN_UNDECLARED_SELECTOR = YES;
				GCC_WARN_UNINITIALIZED_AUTOS = YES_AGGRESSIVE;
				GCC_WARN_UNUSED_FUNCTION = YES;
				GCC_WARN_UNUSED_VARIABLE = YES;
				IPHONEOS_DEPLOYMENT_TARGET = 15.2;
				MTL_ENABLE_DEBUG_INFO = INCLUDE_SOURCE;
				MTL_FAST_MATH = YES;
				ONLY_ACTIVE_ARCH = YES;
				SDKROOT = iphoneos;
				SWIFT_ACTIVE_COMPILATION_CONDITIONS = DEBUG;
				SWIFT_OPTIMIZATION_LEVEL = "-Onone";
			};
			name = Debug;
		};
		5AE55B1E283B116F00D19FFF /* Release */ = {
			isa = XCBuildConfiguration;
			buildSettings = {
				ALWAYS_SEARCH_USER_PATHS = NO;
				CLANG_ANALYZER_NONNULL = YES;
				CLANG_ANALYZER_NUMBER_OBJECT_CONVERSION = YES_AGGRESSIVE;
				CLANG_CXX_LANGUAGE_STANDARD = "gnu++17";
				CLANG_CXX_LIBRARY = "libc++";
				CLANG_ENABLE_MODULES = YES;
				CLANG_ENABLE_OBJC_ARC = YES;
				CLANG_ENABLE_OBJC_WEAK = YES;
				CLANG_WARN_BLOCK_CAPTURE_AUTORELEASING = YES;
				CLANG_WARN_BOOL_CONVERSION = YES;
				CLANG_WARN_COMMA = YES;
				CLANG_WARN_CONSTANT_CONVERSION = YES;
				CLANG_WARN_DEPRECATED_OBJC_IMPLEMENTATIONS = YES;
				CLANG_WARN_DIRECT_OBJC_ISA_USAGE = YES_ERROR;
				CLANG_WARN_DOCUMENTATION_COMMENTS = YES;
				CLANG_WARN_EMPTY_BODY = YES;
				CLANG_WARN_ENUM_CONVERSION = YES;
				CLANG_WARN_INFINITE_RECURSION = YES;
				CLANG_WARN_INT_CONVERSION = YES;
				CLANG_WARN_NON_LITERAL_NULL_CONVERSION = YES;
				CLANG_WARN_OBJC_IMPLICIT_RETAIN_SELF = YES;
				CLANG_WARN_OBJC_LITERAL_CONVERSION = YES;
				CLANG_WARN_OBJC_ROOT_CLASS = YES_ERROR;
				CLANG_WARN_QUOTED_INCLUDE_IN_FRAMEWORK_HEADER = YES;
				CLANG_WARN_RANGE_LOOP_ANALYSIS = YES;
				CLANG_WARN_STRICT_PROTOTYPES = YES;
				CLANG_WARN_SUSPICIOUS_MOVE = YES;
				CLANG_WARN_UNGUARDED_AVAILABILITY = YES_AGGRESSIVE;
				CLANG_WARN_UNREACHABLE_CODE = YES;
				CLANG_WARN__DUPLICATE_METHOD_MATCH = YES;
				COPY_PHASE_STRIP = NO;
				DEBUG_INFORMATION_FORMAT = "dwarf-with-dsym";
				ENABLE_NS_ASSERTIONS = NO;
				ENABLE_STRICT_OBJC_MSGSEND = YES;
				GCC_C_LANGUAGE_STANDARD = gnu11;
				GCC_NO_COMMON_BLOCKS = YES;
				GCC_WARN_64_TO_32_BIT_CONVERSION = YES;
				GCC_WARN_ABOUT_RETURN_TYPE = YES_ERROR;
				GCC_WARN_UNDECLARED_SELECTOR = YES;
				GCC_WARN_UNINITIALIZED_AUTOS = YES_AGGRESSIVE;
				GCC_WARN_UNUSED_FUNCTION = YES;
				GCC_WARN_UNUSED_VARIABLE = YES;
				IPHONEOS_DEPLOYMENT_TARGET = 15.2;
				MTL_ENABLE_DEBUG_INFO = NO;
				MTL_FAST_MATH = YES;
				SDKROOT = iphoneos;
				SWIFT_COMPILATION_MODE = wholemodule;
				SWIFT_OPTIMIZATION_LEVEL = "-O";
				VALIDATE_PRODUCT = YES;
			};
			name = Release;
		};
		5AE55B20283B116F00D19FFF /* Debug */ = {
			isa = XCBuildConfiguration;
			baseConfigurationReference = 8F51592B675C1E87F79774C5 /* Pods-Gugujj.debug.xcconfig */;
			buildSettings = {
				ASSETCATALOG_COMPILER_APPICON_NAME = AppIcon;
				ASSETCATALOG_COMPILER_GLOBAL_ACCENT_COLOR_NAME = AccentColor;
				CODE_SIGN_STYLE = Automatic;
				CURRENT_PROJECT_VERSION = 1;
				DEVELOPMENT_TEAM = 7HH6MYUS98;
				GENERATE_INFOPLIST_FILE = YES;
				INFOPLIST_FILE = Gugujj/Info.plist;
				INFOPLIST_KEY_UIApplicationSupportsIndirectInputEvents = YES;
				INFOPLIST_KEY_UILaunchStoryboardName = LaunchScreen;
				INFOPLIST_KEY_UIMainStoryboardFile = Main;
				INFOPLIST_KEY_UISupportedInterfaceOrientations_iPad = "UIInterfaceOrientationPortrait UIInterfaceOrientationPortraitUpsideDown UIInterfaceOrientationLandscapeLeft UIInterfaceOrientationLandscapeRight";
				INFOPLIST_KEY_UISupportedInterfaceOrientations_iPhone = "UIInterfaceOrientationPortrait UIInterfaceOrientationLandscapeLeft UIInterfaceOrientationLandscapeRight";
				LD_RUNPATH_SEARCH_PATHS = (
					"$(inherited)",
					"@executable_path/Frameworks",
				);
				MARKETING_VERSION = 1.0;
				PRODUCT_BUNDLE_IDENTIFIER = seonju.Gugujeoljeol;
				PRODUCT_NAME = "$(TARGET_NAME)";
				SWIFT_EMIT_LOC_STRINGS = YES;
				SWIFT_VERSION = 5.0;
				TARGETED_DEVICE_FAMILY = "1,2";
			};
			name = Debug;
		};
		5AE55B21283B116F00D19FFF /* Release */ = {
			isa = XCBuildConfiguration;
			baseConfigurationReference = 3B897FD15562A4F511443933 /* Pods-Gugujj.release.xcconfig */;
			buildSettings = {
				ASSETCATALOG_COMPILER_APPICON_NAME = AppIcon;
				ASSETCATALOG_COMPILER_GLOBAL_ACCENT_COLOR_NAME = AccentColor;
				CODE_SIGN_STYLE = Automatic;
				CURRENT_PROJECT_VERSION = 1;
				DEVELOPMENT_TEAM = 7HH6MYUS98;
				GENERATE_INFOPLIST_FILE = YES;
				INFOPLIST_FILE = Gugujj/Info.plist;
				INFOPLIST_KEY_UIApplicationSupportsIndirectInputEvents = YES;
				INFOPLIST_KEY_UILaunchStoryboardName = LaunchScreen;
				INFOPLIST_KEY_UIMainStoryboardFile = Main;
				INFOPLIST_KEY_UISupportedInterfaceOrientations_iPad = "UIInterfaceOrientationPortrait UIInterfaceOrientationPortraitUpsideDown UIInterfaceOrientationLandscapeLeft UIInterfaceOrientationLandscapeRight";
				INFOPLIST_KEY_UISupportedInterfaceOrientations_iPhone = "UIInterfaceOrientationPortrait UIInterfaceOrientationLandscapeLeft UIInterfaceOrientationLandscapeRight";
				LD_RUNPATH_SEARCH_PATHS = (
					"$(inherited)",
					"@executable_path/Frameworks",
				);
				MARKETING_VERSION = 1.0;
				PRODUCT_BUNDLE_IDENTIFIER = seonju.Gugujeoljeol;
				PRODUCT_NAME = "$(TARGET_NAME)";
				SWIFT_EMIT_LOC_STRINGS = YES;
				SWIFT_VERSION = 5.0;
				TARGETED_DEVICE_FAMILY = "1,2";
			};
			name = Release;
		};
/* End XCBuildConfiguration section */

/* Begin XCConfigurationList section */
		5AE55B06283B116E00D19FFF /* Build configuration list for PBXProject "Gugujj" */ = {
			isa = XCConfigurationList;
			buildConfigurations = (
				5AE55B1D283B116F00D19FFF /* Debug */,
				5AE55B1E283B116F00D19FFF /* Release */,
			);
			defaultConfigurationIsVisible = 0;
			defaultConfigurationName = Release;
		};
		5AE55B1F283B116F00D19FFF /* Build configuration list for PBXNativeTarget "Gugujj" */ = {
			isa = XCConfigurationList;
			buildConfigurations = (
				5AE55B20283B116F00D19FFF /* Debug */,
				5AE55B21283B116F00D19FFF /* Release */,
			);
			defaultConfigurationIsVisible = 0;
			defaultConfigurationName = Release;
		};
/* End XCConfigurationList section */
	};
	rootObject = 5AE55B03283B116E00D19FFF /* Project object */;
}
